
Microsoft Visual Studio Solution File, Format Version 12.00
# Visual Studio Version 16
VisualStudioVersion = 16.0.30711.63
MinimumVisualStudioVersion = 10.0.40219.1
Project("{FAE04EC0-301F-11D3-BF4B-00C04F79EFBC}") = "WpfApp1", "mlnet-hackathon-2020-submission\WpfApp1\WpfApp1.csproj", "{9E167343-6995-47C0-BED3-50FEB54B70A5}"
EndProject
Global
	GlobalSection(SolutionConfigurationPlatforms) = preSolution
		Debug|Any CPU = Debug|Any CPU
		Release|Any CPU = Release|Any CPU
	EndGlobalSection
	GlobalSection(ProjectConfigurationPlatforms) = postSolution
		{9E167343-6995-47C0-BED3-50FEB54B70A5}.Debug|Any CPU.ActiveCfg = Debug|Any CPU
		{9E167343-6995-47C0-BED3-50FEB54B70A5}.Debug|Any CPU.Build.0 = Debug|Any CPU
		{9E167343-6995-47C0-BED3-50FEB54B70A5}.Release|Any CPU.ActiveCfg = Release|Any CPU
		{9E167343-6995-47C0-BED3-50FEB54B70A5}.Release|Any CPU.Build.0 = Release|Any CPU
	EndGlobalSection
	GlobalSection(SolutionProperties) = preSolution
		HideSolutionNode = FALSE
	EndGlobalSection
	GlobalSection(ExtensibilityGlobals) = postSolution
		SolutionGuid = {1F649311-CD7C-4275-A221-8CF76F908762}
	EndGlobalSection
EndGlobal
