
Microsoft Visual Studio Solution File, Format Version 12.00
# Visual Studio Version 16
VisualStudioVersion = 16.0.30711.63
MinimumVisualStudioVersion = 10.0.40219.1
Project("{9A19103F-16F7-4668-BE54-9A1E7A4F7556}") = "OnnxObjectDetection", "OnnxObjectDetection\OnnxObjectDetection.csproj", "{7FE5DFD9-4E84-4135-9C26-BBB031980A91}"
EndProject
Project("{9A19103F-16F7-4668-BE54-9A1E7A4F7556}") = "WpfApp1", "WpfApp1\WpfApp1.csproj", "{0EAE496F-18CE-43A4-8805-34B7CCCEE82F}"
EndProject
Global
	GlobalSection(SolutionConfigurationPlatforms) = preSolution
		Debug|Any CPU = Debug|Any CPU
		Release|Any CPU = Release|Any CPU
	EndGlobalSection
	GlobalSection(ProjectConfigurationPlatforms) = postSolution
		{7FE5DFD9-4E84-4135-9C26-BBB031980A91}.Debug|Any CPU.ActiveCfg = Debug|Any CPU
		{7FE5DFD9-4E84-4135-9C26-BBB031980A91}.Debug|Any CPU.Build.0 = Debug|Any CPU
		{7FE5DFD9-4E84-4135-9C26-BBB031980A91}.Release|Any CPU.ActiveCfg = Release|Any CPU
		{7FE5DFD9-4E84-4135-9C26-BBB031980A91}.Release|Any CPU.Build.0 = Release|Any CPU
		{0EAE496F-18CE-43A4-8805-34B7CCCEE82F}.Debug|Any CPU.ActiveCfg = Debug|Any CPU
		{0EAE496F-18CE-43A4-8805-34B7CCCEE82F}.Debug|Any CPU.Build.0 = Debug|Any CPU
		{0EAE496F-18CE-43A4-8805-34B7CCCEE82F}.Release|Any CPU.ActiveCfg = Release|Any CPU
		{0EAE496F-18CE-43A4-8805-34B7CCCEE82F}.Release|Any CPU.Build.0 = Release|Any CPU
	EndGlobalSection
	GlobalSection(SolutionProperties) = preSolution
		HideSolutionNode = FALSE
	EndGlobalSection
	GlobalSection(ExtensibilityGlobals) = postSolution
		SolutionGuid = {42F98A81-7613-44FB-A5A6-CFFE5867CDB9}
	EndGlobalSection
EndGlobal
